PODS:
  - Alamofire (5.2.2)
  - AlipaySDK-iOS (15.7.9)
  - CHIPageControl (0.2):
    - CHIPageControl/Aji (= 0.2)
    - CHIPageControl/Aleppo (= 0.2)
    - CHIPageControl/Chimayo (= 0.2)
    - CHIPageControl/Fresno (= 0.2)
    - CHIPageControl/Jalapeno (= 0.2)
    - CHIPageControl/Jaloro (= 0.2)
    - CHIPageControl/Paprika (= 0.2)
    - CHIPageControl/Puya (= 0.2)
  - CHIPageControl/Aji (0.2)
  - CHIPageControl/Aleppo (0.2)
  - CHIPageControl/Chimayo (0.2)
  - CHIPageControl/Fresno (0.2)
  - CHIPageControl/Jalapeno (0.2)
  - CHIPageControl/Jaloro (0.2)
  - CHIPageControl/Paprika (0.2)
  - CHIPageControl/Puya (0.2)
  - CryptoSwift (1.3.2)
  - EmptyDataSet-Swift (4.2.0)
  - FDFullscreenPopGesture (1.1)
  - FLAnimatedImage (1.0.12)
  - FSPagerView (0.8.3)
  - IQKeyboardManagerSwift (6.5.6)
  - JXSegmentedView (1.2.7)
  - Kingfisher (5.15.4):
    - Kingfisher/Core (= 5.15.4)
  - Kingfisher/Core (5.15.4)
  - MBProgressHUD (1.2.0)
  - MJRefresh (3.5.0)
  - Moya (14.0.0):
    - Moya/Core (= 14.0.0)
  - Moya/Core (14.0.0):
    - Alamofire (~> 5.0)
  - Popover (1.3.0)
  - RTRootNavigationController (0.7.2):
    - RTRootNavigationController/Core (= 0.7.2)
  - RTRootNavigationController/Core (0.7.2)
  - RxCocoa (5.1.1):
    - RxRelay (~> 5)
    - RxSwift (~> 5)
  - RxGesture (3.0.2):
    - RxCocoa (~> 5.1)
    - RxSwift (~> 5.1)
  - RxRelay (5.1.1):
    - RxSwift (~> 5)
  - RxSwift (5.1.1)
  - SnapKit (5.0.1)
  - SwiftDate (6.2.0)
  - SwifterSwift (5.2.0):
    - SwifterSwift/AppKit (= 5.2.0)
    - SwifterSwift/CoreAnimation (= 5.2.0)
    - SwifterSwift/CoreGraphics (= 5.2.0)
    - SwifterSwift/CoreLocation (= 5.2.0)
    - SwifterSwift/Dispatch (= 5.2.0)
    - SwifterSwift/Foundation (= 5.2.0)
    - SwifterSwift/MapKit (= 5.2.0)
    - SwifterSwift/SceneKit (= 5.2.0)
    - SwifterSwift/SpriteKit (= 5.2.0)
    - SwifterSwift/StoreKit (= 5.2.0)
    - SwifterSwift/SwiftStdlib (= 5.2.0)
    - SwifterSwift/UIKit (= 5.2.0)
  - SwifterSwift/AppKit (5.2.0)
  - SwifterSwift/CoreAnimation (5.2.0)
  - SwifterSwift/CoreGraphics (5.2.0)
  - SwifterSwift/CoreLocation (5.2.0)
  - SwifterSwift/Dispatch (5.2.0)
  - SwifterSwift/Foundation (5.2.0)
  - SwifterSwift/MapKit (5.2.0)
  - SwifterSwift/SceneKit (5.2.0)
  - SwifterSwift/SpriteKit (5.2.0)
  - SwifterSwift/StoreKit (5.2.0)
  - SwifterSwift/SwiftStdlib (5.2.0)
  - SwifterSwift/UIKit (5.2.0)
  - TagListView (1.4.1)
  - UMCCommon (7.1.3)
  - WechatOpenSDK (1.8.7.1)
  - XHLaunchAd (3.9.12):
    - FLAnimatedImage (~> 1.0.12)

DEPENDENCIES:
  - AlipaySDK-iOS (~> 15.7.9)
  - CHIPageControl (~> 0.2)
  - CryptoSwift (~> 1.0)
  - EmptyDataSet-Swift (~> 4.2)
  - FDFullscreenPopGesture (~> 1.1)
  - FSPagerView (~> 0.8.3)
  - IQKeyboardManagerSwift (~> 6.5.0)
  - JXSegmentedView (~> 1.2.7)
  - Kingfisher (~> 5.9)
  - MBProgressHUD (~> 1.2)
  - MJRefresh (~> 3.2)
  - Moya (~> 14.0.0)
  - Popover (~> 1.2)
  - RTRootNavigationController (~> 0.7)
  - RxCocoa (~> 5.0)
  - RxGesture (~> 3.0)
  - RxSwift (~> 5.0)
  - SnapKit (~> 5.0)
  - SwiftDate (~> 6.2.0)
  - SwifterSwift (~> 5.0)
  - TagListView (~> 1.4.1)
  - UMCCommon (~> 7.1.0)
  - WechatOpenSDK (~> 1.8.7.1)
  - XHLaunchAd (= 3.9.12)

SPEC REPOS:
  trunk:
    - Alamofire
    - AlipaySDK-iOS
    - CHIPageControl
    - CryptoSwift
    - EmptyDataSet-Swift
    - FDFullscreenPopGesture
    - FLAnimatedImage
    - FSPagerView
    - IQKeyboardManagerSwift
    - JXSegmentedView
    - Kingfisher
    - MBProgressHUD
    - MJRefresh
    - Moya
    - Popover
    - RTRootNavigationController
    - RxCocoa
    - RxGesture
    - RxRelay
    - RxSwift
    - SnapKit
    - SwiftDate
    - SwifterSwift
    - TagListView
    - UMCCommon
    - WechatOpenSDK
    - XHLaunchAd

SPEC CHECKSUMS:
  Alamofire: 814429acc853c6c54ff123fc3d2ef66803823ce0
  AlipaySDK-iOS: 94ff4c0e17c5e7d126b8207596d5033006534c25
  CHIPageControl: a787bf7205c9b7e7fbfc412be36c5e8636b68f86
  CryptoSwift: 093499be1a94b0cae36e6c26b70870668cb56060
  EmptyDataSet-Swift: 1fa0b35f530a35f852ecb2b53564728b0c300aaf
  FDFullscreenPopGesture: a8a620179e3d9c40e8e00256dcee1c1a27c6d0f0
  FLAnimatedImage: 4a0b56255d9b05f18b6dd7ee06871be5d3b89e31
  FSPagerView: 670405b2f18e2a87fa37f20b00de783e562c25a8
  IQKeyboardManagerSwift: c7df9d2deb356c04522f5c4b7b6e4ce4d8ed94fe
  JXSegmentedView: eb1cad21f57c2543c00c3e08b8fd3c7ca54f5acd
  Kingfisher: 657dc1077e5bbbfff864194c79f29e35b722d062
  MBProgressHUD: 3ee5efcc380f6a79a7cc9b363dd669c5e1ae7406
  MJRefresh: 6afc955813966afb08305477dd7a0d9ad5e79a16
  Moya: 5b45dacb75adb009f97fde91c204c1e565d31916
  Popover: 10e1d9528f81d9504df984b7b3f491292bc1822d
  RTRootNavigationController: 8344c2352d6d40fa370d0366efae2c84a945213f
  RxCocoa: 32065309a38d29b5b0db858819b5bf9ef038b601
  RxGesture: d6bd7447ca3a596c7a9702a6a2b6a2bb5d8bae54
  RxRelay: d77f7d771495f43c556cbc43eebd1bb54d01e8e9
  RxSwift: 81470a2074fa8780320ea5fe4102807cb7118178
  SnapKit: 97b92857e3df3a0c71833cce143274bf6ef8e5eb
  SwiftDate: d117c3eb6beed72e47d3f4d1e3bc63fa1e66d7c3
  SwifterSwift: 334181863c416882d97b7a60c05054d9e4d799e2
  TagListView: a1c236d17960a0cf64156725a76ce6d73ebce2be
  UMCCommon: 0cb2629b93884531621100ed66ff2bca8b181f1f
  WechatOpenSDK: 6a4d1436c15b3b5fe2a0bd383f3046010186da44
  XHLaunchAd: 6320f9c68732667323072fc3a5f104e40fbe9cfe

PODFILE CHECKSUM: 97deaddff4fd3df9dd6cfafd9313d9fa9b247cd8

COCOAPODS: 1.10.0
